
Microsoft Visual Studio Solution File, Format Version 12.00
# Visual Studio Version 16
VisualStudioVersion = 16.0.30523.141
MinimumVisualStudioVersion = 10.0.40219.1
Project("{FAE04EC0-301F-11D3-BF4B-00C04F79EFBC}") = "media-services-v3-by-page", "media-services-v3-by-page\media-services-v3-by-page.csproj", "{51932338-F1CA-4A95-B4DE-F05D7070034A}"
EndProject
Project("{FAE04EC0-301F-11D3-BF4B-00C04F79EFBC}") = "AzureMidia-v3", "AzureMidia-v3\AzureMidia-v3.csproj", "{4AEBB328-7F48-4ACA-9C50-1AB8AC68DF19}"
EndProject
Global
	GlobalSection(SolutionConfigurationPlatforms) = preSolution
		Debug|Any CPU = Debug|Any CPU
		Release|Any CPU = Release|Any CPU
	EndGlobalSection
	GlobalSection(ProjectConfigurationPlatforms) = postSolution
		{51932338-F1CA-4A95-B4DE-F05D7070034A}.Debug|Any CPU.ActiveCfg = Debug|Any CPU
		{51932338-F1CA-4A95-B4DE-F05D7070034A}.Debug|Any CPU.Build.0 = Debug|Any CPU
		{51932338-F1CA-4A95-B4DE-F05D7070034A}.Release|Any CPU.ActiveCfg = Release|Any CPU
		{51932338-F1CA-4A95-B4DE-F05D7070034A}.Release|Any CPU.Build.0 = Release|Any CPU
		{4AEBB328-7F48-4ACA-9C50-1AB8AC68DF19}.Debug|Any CPU.ActiveCfg = Debug|Any CPU
		{4AEBB328-7F48-4ACA-9C50-1AB8AC68DF19}.Debug|Any CPU.Build.0 = Debug|Any CPU
		{4AEBB328-7F48-4ACA-9C50-1AB8AC68DF19}.Release|Any CPU.ActiveCfg = Release|Any CPU
		{4AEBB328-7F48-4ACA-9C50-1AB8AC68DF19}.Release|Any CPU.Build.0 = Release|Any CPU
	EndGlobalSection
	GlobalSection(SolutionProperties) = preSolution
		HideSolutionNode = FALSE
	EndGlobalSection
	GlobalSection(ExtensibilityGlobals) = postSolution
		SolutionGuid = {ACA76833-D7CA-4832-A474-BAAE4DF6DDC7}
	EndGlobalSection
EndGlobal
